# THIS IS AN AUTOGENERATED FILE. DO NOT EDIT THIS FILE DIRECTLY.
# yarn lockfile v1


lodash@^4.17.15:
  version "4.17.15"
  resolved "https://registry.yarnpkg.com/lodash/-/lodash-4.17.15.tgz#b447f6670a0455bbfeedd11392eff330ea097548"
  integrity sha512-8xOcRHvCjnocdS5cpwXQXVzmmh5e5+saE2QGoeQmbKmRS6J3VQppPOIt0MnmE+4xlZoumy0GPG0D0MVIQbNA1A==

serverless-iam-roles-per-function@^2.0.2:
  version "2.0.2"
  resolved "https://registry.yarnpkg.com/serverless-iam-roles-per-function/-/serverless-iam-roles-per-function-2.0.2.tgz#c64eb2f34552e59d5fb8cb2169ebbd27734a6774"
  integrity sha512-3zv4Af3x7KJHC4fuJMHniEEstCljMghReaYIg94Spdsqkhiy8GJ3yfJ5Jy+wiG/DvyObK91JJNMjLhDnDc+vCQ==
  dependencies:
    lodash "^4.17.15"
